// !$*UTF8*$!
{
	archiveVersion = 1;
	classes = {
	};
	objectVersion = 46;
	objects = {

/* Begin PBXFileReference section */
		25E905931DECCE0900A1088C /* report */ = {isa = PBXFileReference; lastKnownFileType = folder; path = report; sourceTree = "<group>"; };
		25E905941DECCE0900A1088C /* src */ = {isa = PBXFileReference; lastKnownFileType = folder; path = src; sourceTree = "<group>"; };
		25E905951DECCE0900A1088C /* test */ = {isa = PBXFileReference; lastKnownFileType = folder; path = test; sourceTree = "<group>"; };
		25E905961DECCE0900A1088C /* Makefile */ = {isa = PBXFileReference; explicitFileType = sourcecode.make; path = Makefile; sourceTree = "<group>"; };
		25E905971DECCE0900A1088C /* mpibatch.sge */ = {isa = PBXFileReference; lastKnownFileType = text; path = mpibatch.sge; sourceTree = "<group>"; };
		25E905981DECCE0900A1088C /* README */ = {isa = PBXFileReference; lastKnownFileType = text; path = README; sourceTree = "<group>"; };
/* End PBXFileReference section */

/* Begin PBXGroup section */
		25E9058C1DECCDC400A1088C = {
			isa = PBXGroup;
			children = (
				25E905931DECCE0900A1088C /* report */,
				25E905941DECCE0900A1088C /* src */,
				25E905951DECCE0900A1088C /* test */,
				25E905961DECCE0900A1088C /* Makefile */,
				25E905971DECCE0900A1088C /* mpibatch.sge */,
				25E905981DECCE0900A1088C /* README */,
			);
			sourceTree = "<group>";
		};
/* End PBXGroup section */

/* Begin PBXProject section */
		25E9058D1DECCDC400A1088C /* Project object */ = {
			isa = PBXProject;
			attributes = {
				LastUpgradeCheck = 0810;
			};
			buildConfigurationList = 25E905901DECCDC400A1088C /* Build configuration list for PBXProject "mpp" */;
			compatibilityVersion = "Xcode 3.2";
			developmentRegion = English;
			hasScannedForEncodings = 0;
			knownRegions = (
				en,
			);
			mainGroup = 25E9058C1DECCDC400A1088C;
			projectDirPath = "";
			projectRoot = "";
			targets = (
			);
		};
/* End PBXProject section */

/* Begin XCBuildConfiguration section */
		25E905911DECCDC400A1088C /* Debug */ = {
			isa = XCBuildConfiguration;
			buildSettings = {
			};
			name = Debug;
		};
		25E905921DECCDC400A1088C /* Release */ = {
			isa = XCBuildConfiguration;
			buildSettings = {
			};
			name = Release;
		};
/* End XCBuildConfiguration section */

/* Begin XCConfigurationList section */
		25E905901DECCDC400A1088C /* Build configuration list for PBXProject "mpp" */ = {
			isa = XCConfigurationList;
			buildConfigurations = (
				25E905911DECCDC400A1088C /* Debug */,
				25E905921DECCDC400A1088C /* Release */,
			);
			defaultConfigurationIsVisible = 0;
			defaultConfigurationName = Release;
		};
/* End XCConfigurationList section */
	};
	rootObject = 25E9058D1DECCDC400A1088C /* Project object */;
}
